# This file was autogenerated by Stack.
# You should not edit this file by hand.
# For more information, please see the documentation at:
#   https://docs.haskellstack.org/en/stable/lock_files

packages:
- completed:
    cabal-file:
      size: 1505
      sha256: 01c366fe4a51e8b67f1898325dd88277df6cbd9bac3fcdfa4091773a89f64994
    name: language-dot
    version: 0.0.8
    git: https://github.com/mariatsji/language-dot
    pantry-tree:
      size: 720
      sha256: b5fd3d3ca1b7749dbcdd6569d96b0a2f8259f00471342cc83063499c589a10d7
    commit: 69bc96a81807443769b29e71779f2ae85d905797
  original:
    git: https://github.com/mariatsji/language-dot
    commit: 69bc96a81807443769b29e71779f2ae85d905797
snapshots:
- completed:
    size: 524127
    url: https://raw.githubusercontent.com/commercialhaskell/stackage-snapshots/master/lts/14/6.yaml
    sha256: dc70dfb45e2c32f54719819bd055f46855dd4b3bd2e58b9f3f38729a2d553fbb
  original: lts-14.6
